
Microsoft Visual Studio Solution File, Format Version 12.00
# Visual Studio Version 17
VisualStudioVersion = 17.4.33205.214
MinimumVisualStudioVersion = 10.0.40219.1
Project("{FAE04EC0-301F-11D3-BF4B-00C04F79EFBC}") = "sav_bank", "sav_bank.csproj", "{04E34733-76C1-48C2-98B4-A267DB477078}"
EndProject
Global
	GlobalSection(SolutionConfigurationPlatforms) = preSolution
		Debug|Any CPU = Debug|Any CPU
		Release|Any CPU = Release|Any CPU
	EndGlobalSection
	GlobalSection(ProjectConfigurationPlatforms) = postSolution
		{04E34733-76C1-48C2-98B4-A267DB477078}.Debug|Any CPU.ActiveCfg = Debug|Any CPU
		{04E34733-76C1-48C2-98B4-A267DB477078}.Debug|Any CPU.Build.0 = Debug|Any CPU
		{04E34733-76C1-48C2-98B4-A267DB477078}.Release|Any CPU.ActiveCfg = Release|Any CPU
		{04E34733-76C1-48C2-98B4-A267DB477078}.Release|Any CPU.Build.0 = Release|Any CPU
	EndGlobalSection
	GlobalSection(SolutionProperties) = preSolution
		HideSolutionNode = FALSE
	EndGlobalSection
	GlobalSection(ExtensibilityGlobals) = postSolution
		SolutionGuid = {FD1A3EBF-FC05-427A-9CA9-D4C8F8DABA35}
	EndGlobalSection
EndGlobal
